
Microsoft Visual Studio Solution File, Format Version 12.00
# Visual Studio Version 17
VisualStudioVersion = 17.10.34916.146
MinimumVisualStudioVersion = 10.0.40219.1
Project("{FAE04EC0-301F-11D3-BF4B-00C04F79EFBC}") = "BootstrapSite", "BootstrapSite\BootstrapSite.csproj", "{0F16C226-6EE4-4FDA-832A-02E49A64BBD4}"
EndProject
Global
	GlobalSection(SolutionConfigurationPlatforms) = preSolution
		Debug|Any CPU = Debug|Any CPU
		Release|Any CPU = Release|Any CPU
	EndGlobalSection
	GlobalSection(ProjectConfigurationPlatforms) = postSolution
		{0F16C226-6EE4-4FDA-832A-02E49A64BBD4}.Debug|Any CPU.ActiveCfg = Debug|Any CPU
		{0F16C226-6EE4-4FDA-832A-02E49A64BBD4}.Debug|Any CPU.Build.0 = Debug|Any CPU
		{0F16C226-6EE4-4FDA-832A-02E49A64BBD4}.Release|Any CPU.ActiveCfg = Release|Any CPU
		{0F16C226-6EE4-4FDA-832A-02E49A64BBD4}.Release|Any CPU.Build.0 = Release|Any CPU
	EndGlobalSection
	GlobalSection(SolutionProperties) = preSolution
		HideSolutionNode = FALSE
	EndGlobalSection
	GlobalSection(ExtensibilityGlobals) = postSolution
		SolutionGuid = {BD85A8FC-1571-49A0-A339-BBDE2F44813C}
	EndGlobalSection
EndGlobal
